Microsoft Visual Studio Solution File, Format Version 12.00
# Visual Studio Version 17
VisualStudioVersion = 17.5.33414.496
MinimumVisualStudioVersion = 10.0.40219.1
Project("{2150E333-8FDC-42A3-9474-1A3956D46DE8}") = "Solution Items", "Solution Items", "{EE713C46-845C-4C8B-B406-4B8A8DF9DBFD}"
	ProjectSection(SolutionItems) = preProject
		.editorconfig = .editorconfig
	EndProjectSection
EndProject
Project("{9A19103F-16F7-4668-BE54-9A1E7A4F7556}") = "AuroraCommon", "AuroraCommon\AuroraCommon.csproj", "{B1AB57EF-FAA5-4A4D-9FB3-0A3A3E66ACCF}"
EndProject
Project("{9A19103F-16F7-4668-BE54-9A1E7A4F7556}") = "AuroraDeviceManager", "AuroraDeviceManager\AuroraDeviceManager.csproj", "{A1CFE401-E13C-4073-A914-4356CD082942}"
EndProject
Project("{9A19103F-16F7-4668-BE54-9A1E7A4F7556}") = "Aurora-Updater", "Aurora-Updater\Aurora-Updater.csproj", "{FD107B63-8C0B-40B6-A0DB-D408FAAC8E48}"
EndProject
Project("{9A19103F-16F7-4668-BE54-9A1E7A4F7556}") = "ColorBox", "ColorBox\ColorBox.csproj", "{DA3646B5-9F5A-4069-B072-F2F84A2D3FC2}"
EndProject
Project("{9A19103F-16F7-4668-BE54-9A1E7A4F7556}") = "MemoryAccessProfiles", "MemoryAccessProfiles\MemoryAccessProfiles.csproj", "{21A339B9-E09B-4018-B634-BDB0FE55ED05}"
EndProject
Project("{9A19103F-16F7-4668-BE54-9A1E7A4F7556}") = "PluginCompiler", "PluginCompiler\PluginCompiler.csproj", "{06A4B9AB-131E-4C6A-BB63-AD926361805A}"
EndProject
Project("{9A19103F-16F7-4668-BE54-9A1E7A4F7556}") = "Plugin-Example", "Plugin-Example\Plugin-Example.csproj", "{B1A0E515-821C-4928-8FBA-906C5F0562E6}"
EndProject
Project("{9A19103F-16F7-4668-BE54-9A1E7A4F7556}") = "Project-Aurora", "Project-Aurora\Project-Aurora.csproj", "{AA9BC1BA-130E-4574-B5AF-2C0AAE471E50}"
EndProject
Global
	GlobalSection(SolutionConfigurationPlatforms) = preSolution
		Debug|Any CPU = Debug|Any CPU
		Debug|x64 = Debug|x64
		Release|Any CPU = Release|Any CPU
		Release|x64 = Release|x64
	EndGlobalSection
	GlobalSection(ProjectConfigurationPlatforms) = postSolution
		{B1AB57EF-FAA5-4A4D-9FB3-0A3A3E66ACCF}.Debug|Any CPU.ActiveCfg = Debug|Any CPU
		{B1AB57EF-FAA5-4A4D-9FB3-0A3A3E66ACCF}.Debug|Any CPU.Build.0 = Debug|Any CPU
		{B1AB57EF-FAA5-4A4D-9FB3-0A3A3E66ACCF}.Debug|x64.ActiveCfg = Debug|Any CPU
		{B1AB57EF-FAA5-4A4D-9FB3-0A3A3E66ACCF}.Debug|x64.Build.0 = Debug|Any CPU
		{B1AB57EF-FAA5-4A4D-9FB3-0A3A3E66ACCF}.Release|Any CPU.ActiveCfg = Release|Any CPU
		{B1AB57EF-FAA5-4A4D-9FB3-0A3A3E66ACCF}.Release|Any CPU.Build.0 = Release|Any CPU
		{B1AB57EF-FAA5-4A4D-9FB3-0A3A3E66ACCF}.Release|x64.ActiveCfg = Release|Any CPU
		{B1AB57EF-FAA5-4A4D-9FB3-0A3A3E66ACCF}.Release|x64.Build.0 = Release|Any CPU
		{A1CFE401-E13C-4073-A914-4356CD082942}.Debug|Any CPU.ActiveCfg = Debug|Any CPU
		{A1CFE401-E13C-4073-A914-4356CD082942}.Debug|Any CPU.Build.0 = Debug|Any CPU
		{A1CFE401-E13C-4073-A914-4356CD082942}.Debug|x64.ActiveCfg = Debug|Any CPU
		{A1CFE401-E13C-4073-A914-4356CD082942}.Debug|x64.Build.0 = Debug|Any CPU
		{A1CFE401-E13C-4073-A914-4356CD082942}.Release|Any CPU.ActiveCfg = Release|Any CPU
		{A1CFE401-E13C-4073-A914-4356CD082942}.Release|Any CPU.Build.0 = Release|Any CPU
		{A1CFE401-E13C-4073-A914-4356CD082942}.Release|x64.ActiveCfg = Release|Any CPU
		{A1CFE401-E13C-4073-A914-4356CD082942}.Release|x64.Build.0 = Release|Any CPU
		{FD107B63-8C0B-40B6-A0DB-D408FAAC8E48}.Debug|Any CPU.ActiveCfg = Debug|Any CPU
		{FD107B63-8C0B-40B6-A0DB-D408FAAC8E48}.Debug|Any CPU.Build.0 = Debug|Any CPU
		{FD107B63-8C0B-40B6-A0DB-D408FAAC8E48}.Debug|x64.ActiveCfg = Debug|Any CPU
		{FD107B63-8C0B-40B6-A0DB-D408FAAC8E48}.Debug|x64.Build.0 = Debug|Any CPU
		{FD107B63-8C0B-40B6-A0DB-D408FAAC8E48}.Release|Any CPU.ActiveCfg = Release|Any CPU
		{FD107B63-8C0B-40B6-A0DB-D408FAAC8E48}.Release|Any CPU.Build.0 = Release|Any CPU
		{FD107B63-8C0B-40B6-A0DB-D408FAAC8E48}.Release|x64.ActiveCfg = Release|Any CPU
		{FD107B63-8C0B-40B6-A0DB-D408FAAC8E48}.Release|x64.Build.0 = Release|Any CPU
		{DA3646B5-9F5A-4069-B072-F2F84A2D3FC2}.Debug|Any CPU.ActiveCfg = Debug|x64
		{DA3646B5-9F5A-4069-B072-F2F84A2D3FC2}.Debug|Any CPU.Build.0 = Debug|x64
		{DA3646B5-9F5A-4069-B072-F2F84A2D3FC2}.Debug|x64.ActiveCfg = Debug|x64
		{DA3646B5-9F5A-4069-B072-F2F84A2D3FC2}.Debug|x64.Build.0 = Debug|x64
		{DA3646B5-9F5A-4069-B072-F2F84A2D3FC2}.Release|Any CPU.ActiveCfg = Release|x64
		{DA3646B5-9F5A-4069-B072-F2F84A2D3FC2}.Release|Any CPU.Build.0 = Release|x64
		{DA3646B5-9F5A-4069-B072-F2F84A2D3FC2}.Release|x64.ActiveCfg = Release|x64
		{DA3646B5-9F5A-4069-B072-F2F84A2D3FC2}.Release|x64.Build.0 = Release|x64
		{21A339B9-E09B-4018-B634-BDB0FE55ED05}.Debug|Any CPU.ActiveCfg = Debug|Any CPU
		{21A339B9-E09B-4018-B634-BDB0FE55ED05}.Debug|Any CPU.Build.0 = Debug|Any CPU
		{21A339B9-E09B-4018-B634-BDB0FE55ED05}.Debug|x64.ActiveCfg = Debug|Any CPU
		{21A339B9-E09B-4018-B634-BDB0FE55ED05}.Debug|x64.Build.0 = Debug|Any CPU
		{21A339B9-E09B-4018-B634-BDB0FE55ED05}.Release|Any CPU.ActiveCfg = Release|Any CPU
		{21A339B9-E09B-4018-B634-BDB0FE55ED05}.Release|Any CPU.Build.0 = Release|Any CPU
		{21A339B9-E09B-4018-B634-BDB0FE55ED05}.Release|x64.ActiveCfg = Release|Any CPU
		{21A339B9-E09B-4018-B634-BDB0FE55ED05}.Release|x64.Build.0 = Release|Any CPU
		{06A4B9AB-131E-4C6A-BB63-AD926361805A}.Debug|Any CPU.ActiveCfg = Debug|x64
		{06A4B9AB-131E-4C6A-BB63-AD926361805A}.Debug|Any CPU.Build.0 = Debug|x64
		{06A4B9AB-131E-4C6A-BB63-AD926361805A}.Debug|x64.ActiveCfg = Debug|x64
		{06A4B9AB-131E-4C6A-BB63-AD926361805A}.Debug|x64.Build.0 = Debug|x64
		{06A4B9AB-131E-4C6A-BB63-AD926361805A}.Release|Any CPU.ActiveCfg = Release|x64
		{06A4B9AB-131E-4C6A-BB63-AD926361805A}.Release|Any CPU.Build.0 = Release|x64
		{06A4B9AB-131E-4C6A-BB63-AD926361805A}.Release|x64.ActiveCfg = Release|x64
		{06A4B9AB-131E-4C6A-BB63-AD926361805A}.Release|x64.Build.0 = Release|x64
		{B1A0E515-821C-4928-8FBA-906C5F0562E6}.Debug|Any CPU.ActiveCfg = Debug|Any CPU
		{B1A0E515-821C-4928-8FBA-906C5F0562E6}.Debug|Any CPU.Build.0 = Debug|Any CPU
		{B1A0E515-821C-4928-8FBA-906C5F0562E6}.Debug|x64.ActiveCfg = Debug|Any CPU
		{B1A0E515-821C-4928-8FBA-906C5F0562E6}.Debug|x64.Build.0 = Debug|Any CPU
		{B1A0E515-821C-4928-8FBA-906C5F0562E6}.Release|Any CPU.ActiveCfg = Release|Any CPU
		{B1A0E515-821C-4928-8FBA-906C5F0562E6}.Release|Any CPU.Build.0 = Release|Any CPU
		{B1A0E515-821C-4928-8FBA-906C5F0562E6}.Release|x64.ActiveCfg = Release|Any CPU
		{B1A0E515-821C-4928-8FBA-906C5F0562E6}.Release|x64.Build.0 = Release|Any CPU
		{AA9BC1BA-130E-4574-B5AF-2C0AAE471E50}.Debug|Any CPU.ActiveCfg = Debug|Any CPU
		{AA9BC1BA-130E-4574-B5AF-2C0AAE471E50}.Debug|Any CPU.Build.0 = Debug|Any CPU
		{AA9BC1BA-130E-4574-B5AF-2C0AAE471E50}.Debug|x64.ActiveCfg = Debug|Any CPU
		{AA9BC1BA-130E-4574-B5AF-2C0AAE471E50}.Debug|x64.Build.0 = Debug|Any CPU
		{AA9BC1BA-130E-4574-B5AF-2C0AAE471E50}.Release|Any CPU.ActiveCfg = Release|Any CPU
		{AA9BC1BA-130E-4574-B5AF-2C0AAE471E50}.Release|Any CPU.Build.0 = Release|Any CPU
		{AA9BC1BA-130E-4574-B5AF-2C0AAE471E50}.Release|x64.ActiveCfg = Release|Any CPU
		{AA9BC1BA-130E-4574-B5AF-2C0AAE471E50}.Release|x64.Build.0 = Release|Any CPU
	EndGlobalSection
	GlobalSection(SolutionProperties) = preSolution
		HideSolutionNode = FALSE
	EndGlobalSection
	GlobalSection(NestedProjects) = preSolution
		{B1AB57EF-FAA5-4A4D-9FB3-0A3A3E66ACCF} = {EE713C46-845C-4C8B-B406-4B8A8DF9DBFD}
		{A1CFE401-E13C-4073-A914-4356CD082942} = {EE713C46-845C-4C8B-B406-4B8A8DF9DBFD}
		{FD107B63-8C0B-40B6-A0DB-D408FAAC8E48} = {EE713C46-845C-4C8B-B406-4B8A8DF9DBFD}
		{DA3646B5-9F5A-4069-B072-F2F84A2D3FC2} = {EE713C46-845C-4C8B-B406-4B8A8DF9DBFD}
		{21A339B9-E09B-4018-B634-BDB0FE55ED05} = {EE713C46-845C-4C8B-B406-4B8A8DF9DBFD}
		{06A4B9AB-131E-4C6A-BB63-AD926361805A} = {EE713C46-845C-4C8B-B406-4B8A8DF9DBFD}
		{B1A0E515-821C-4928-8FBA-906C5F0562E6} = {EE713C46-845C-4C8B-B406-4B8A8DF9DBFD}
		{AA9BC1BA-130E-4574-B5AF-2C0AAE471E50} = {EE713C46-845C-4C8B-B406-4B8A8DF9DBFD}
	EndGlobalSection
	GlobalSection(ExtensibilityGlobals) = postSolution
		SolutionGuid = {490F6EB6-991A-412C-B8F2-336A989F162A}
	EndGlobalSection
EndGlobal
